
Microsoft Visual Studio Solution File, Format Version 12.00
# Visual Studio Version 17
VisualStudioVersion = 17.2.32616.157
MinimumVisualStudioVersion = 10.0.40219.1
Project("{FAE04EC0-301F-11D3-BF4B-00C04F79EFBC}") = "Car Racing Game (Convert to WPF)", "Car Racing Game (Convert to WPF)\Car Racing Game (Convert to WPF).csproj", "{1F9ECF9A-ECD1-49CB-8AA1-39A27A53C795}"
EndProject
Global
	GlobalSection(SolutionConfigurationPlatforms) = preSolution
		Debug|Any CPU = Debug|Any CPU
		Release|Any CPU = Release|Any CPU
	EndGlobalSection
	GlobalSection(ProjectConfigurationPlatforms) = postSolution
		{1F9ECF9A-ECD1-49CB-8AA1-39A27A53C795}.Debug|Any CPU.ActiveCfg = Debug|Any CPU
		{1F9ECF9A-ECD1-49CB-8AA1-39A27A53C795}.Debug|Any CPU.Build.0 = Debug|Any CPU
		{1F9ECF9A-ECD1-49CB-8AA1-39A27A53C795}.Release|Any CPU.ActiveCfg = Release|Any CPU
		{1F9ECF9A-ECD1-49CB-8AA1-39A27A53C795}.Release|Any CPU.Build.0 = Release|Any CPU
	EndGlobalSection
	GlobalSection(SolutionProperties) = preSolution
		HideSolutionNode = FALSE
	EndGlobalSection
	GlobalSection(ExtensibilityGlobals) = postSolution
		SolutionGuid = {38FC79EB-C344-4CF0-8D20-8B6480A743EA}
	EndGlobalSection
EndGlobal
